{"format_version":"0.1","terraform_version":"0.15.1","planned_values":{"root_module":{"resources":[{"address":"aws_iam_role.iam_for_lambda","mode":"managed","type":"aws_iam_role","name":"iam_for_lambda","provider_name":"registry.terraform.io/hashicorp/aws","schema_version":0,"values":{"assume_role_policy":"{\r\n  \"Version\": \"2012-10-17\",\r\n  \"Statement\": [\r\n    {\r\n      \"Action\": \"sts:AssumeRole\",\r\n      \"Principal\": {\r\n        \"Service\": \"lambda.amazonaws.com\"\r\n      },\r\n      \"Effect\": \"Allow\",\r\n      \"Sid\": \"\"\r\n    }\r\n  ]\r\n}\r\n","description":null,"force_detach_policies":false,"max_session_duration":3600,"name":"iam_for_lambda","name_prefix":null,"path":"/","permissions_boundary":null,"tags":null}},{"address":"aws_lambda_function.CKV_AWS_45_50_116_117_115","mode":"managed","type":"aws_lambda_function","name":"CKV_AWS_45_50_116_117_115","provider_name":"registry.terraform.io/hashicorp/aws","schema_version":0,"values":{"code_signing_config_arn":null,"dead_letter_config":[],"description":null,"environment":[{"variables":{"AWS_ACCOUNT":"AKIAWVESX6LB7TC3U7WK"}}],"file_system_config":[],"filename":"lambda_function_payload.zip","function_name":"lambda_function_name","handler":"exports.test","image_config":[],"image_uri":null,"kms_key_arn":null,"layers":null,"memory_size":128,"package_type":"Zip","publish":false,"reserved_concurrent_executions":-1,"runtime":"nodejs12.x","s3_bucket":null,"s3_key":null,"s3_object_version":null,"source_code_hash":"47DEQpj8HBSa+/TImW+5JCeuQeRkm5NMpJWZG3hSuFU=","tags":null,"timeout":3,"timeouts":null,"vpc_config":[]}},{"address":"aws_sqs_queue.dlq","mode":"managed","type":"aws_sqs_queue","name":"dlq","provider_name":"registry.terraform.io/hashicorp/aws","schema_version":0,"values":{"content_based_deduplication":false,"delay_seconds":90,"fifo_queue":false,"kms_data_key_reuse_period_seconds":300,"kms_master_key_id":"alias/aws/sqs","max_message_size":2048,"message_retention_seconds":86400,"name":"terraform-example-queue","receive_wait_time_seconds":10,"redrive_policy":null,"tags":{"Environment":"production"},"tags_all":{"Environment":"production"},"visibility_timeout_seconds":30}}]}},"resource_changes":[{"address":"aws_iam_role.iam_for_lambda","mode":"managed","type":"aws_iam_role","name":"iam_for_lambda","provider_name":"registry.terraform.io/hashicorp/aws","change":{"actions":["create"],"before":null,"after":{"assume_role_policy":"{\r\n  \"Version\": \"2012-10-17\",\r\n  \"Statement\": [\r\n    {\r\n      \"Action\": \"sts:AssumeRole\",\r\n      \"Principal\": {\r\n        \"Service\": \"lambda.amazonaws.com\"\r\n      },\r\n      \"Effect\": \"Allow\",\r\n      \"Sid\": \"\"\r\n    }\r\n  ]\r\n}\r\n","description":null,"force_detach_policies":false,"max_session_duration":3600,"name":"iam_for_lambda","name_prefix":null,"path":"/","permissions_boundary":null,"tags":null},"after_unknown":{"arn":true,"create_date":true,"id":true,"inline_policy":true,"managed_policy_arns":true,"tags_all":true,"unique_id":true},"before_sensitive":false,"after_sensitive":{"inline_policy":[],"managed_policy_arns":[],"tags_all":{}}}},{"address":"aws_lambda_function.CKV_AWS_45_50_116_117_115","mode":"managed","type":"aws_lambda_function","name":"CKV_AWS_45_50_116_117_115","provider_name":"registry.terraform.io/hashicorp/aws","change":{"actions":["create"],"before":null,"after":{"code_signing_config_arn":null,"dead_letter_config":[],"description":null,"environment":[{"variables":{"AWS_ACCOUNT":"AKIAWVESX6LB7TC3U7WK"}}],"file_system_config":[],"filename":"lambda_function_payload.zip","function_name":"lambda_function_name","handler":"exports.test","image_config":[],"image_uri":null,"kms_key_arn":null,"layers":null,"memory_size":128,"package_type":"Zip","publish":false,"reserved_concurrent_executions":-1,"runtime":"nodejs12.x","s3_bucket":null,"s3_key":null,"s3_object_version":null,"source_code_hash":"47DEQpj8HBSa+/TImW+5JCeuQeRkm5NMpJWZG3hSuFU=","tags":null,"timeout":3,"timeouts":null,"vpc_config":[]},"after_unknown":{"arn":true,"dead_letter_config":[],"environment":[{"variables":{}}],"file_system_config":[],"id":true,"image_config":[],"invoke_arn":true,"last_modified":true,"qualified_arn":true,"role":true,"signing_job_arn":true,"signing_profile_version_arn":true,"source_code_size":true,"tags_all":true,"tracing_config":true,"version":true,"vpc_config":[]},"before_sensitive":false,"after_sensitive":{"dead_letter_config":[],"environment":[{"variables":{}}],"file_system_config":[],"image_config":[],"tags_all":{},"tracing_config":[],"vpc_config":[]}}},{"address":"aws_sqs_queue.dlq","mode":"managed","type":"aws_sqs_queue","name":"dlq","provider_name":"registry.terraform.io/hashicorp/aws","change":{"actions":["create"],"before":null,"after":{"content_based_deduplication":false,"delay_seconds":90,"fifo_queue":false,"kms_data_key_reuse_period_seconds":300,"kms_master_key_id":"alias/aws/sqs","max_message_size":2048,"message_retention_seconds":86400,"name":"terraform-example-queue","receive_wait_time_seconds":10,"redrive_policy":null,"tags":{"Environment":"production"},"tags_all":{"Environment":"production"},"visibility_timeout_seconds":30},"after_unknown":{"arn":true,"id":true,"name_prefix":true,"policy":true,"tags":{},"tags_all":{}},"before_sensitive":false,"after_sensitive":{"tags":{},"tags_all":{}}}}],"configuration":{"provider_config":{"aws":{"name":"aws","expressions":{"region":{"constant_value":"us-east-2"}}}},"root_module":{"resources":[{"address":"aws_iam_role.iam_for_lambda","mode":"managed","type":"aws_iam_role","name":"iam_for_lambda","provider_config_key":"aws","expressions":{"assume_role_policy":{"constant_value":"{\r\n  \"Version\": \"2012-10-17\",\r\n  \"Statement\": [\r\n    {\r\n      \"Action\": \"sts:AssumeRole\",\r\n      \"Principal\": {\r\n        \"Service\": \"lambda.amazonaws.com\"\r\n      },\r\n      \"Effect\": \"Allow\",\r\n      \"Sid\": \"\"\r\n    }\r\n  ]\r\n}\r\n"},"name":{"constant_value":"iam_for_lambda"}},"schema_version":0},{"address":"aws_lambda_function.CKV_AWS_45_50_116_117_115","mode":"managed","type":"aws_lambda_function","name":"CKV_AWS_45_50_116_117_115","provider_config_key":"aws","expressions":{"environment":[{"variables":{"constant_value":{"AWS_ACCOUNT":"AKIAWVESX6LB7TC3U7WK"}}}],"filename":{"constant_value":"lambda_function_payload.zip"},"function_name":{"constant_value":"lambda_function_name"},"handler":{"constant_value":"exports.test"},"role":{"references":["aws_iam_role.iam_for_lambda"]},"runtime":{"constant_value":"nodejs12.x"},"source_code_hash":{}},"schema_version":0},{"address":"aws_sqs_queue.dlq","mode":"managed","type":"aws_sqs_queue","name":"dlq","provider_config_key":"aws","expressions":{"delay_seconds":{"constant_value":90},"kms_data_key_reuse_period_seconds":{"constant_value":300},"kms_master_key_id":{"constant_value":"alias/aws/sqs"},"max_message_size":{"constant_value":2048},"message_retention_seconds":{"constant_value":86400},"name":{"constant_value":"terraform-example-queue"},"receive_wait_time_seconds":{"constant_value":10},"tags":{"constant_value":{"Environment":"production"}}},"schema_version":0}]}}}
